schema: '2.0'
stages:
  prepare:
    cmd: python src/prepare.py data/data.xml
    deps:
    - path: data/data.xml
      md5: 079fbd15fa2c32c539c4c4e3675b514a
      size: 28890194
    - path: src/prepare.py
      md5: f09ea0c15980b43010257ccb9f0055e2
      size: 1576
    params:
      params.yaml:
        prepare.seed: 20170428
        prepare.split: 0.2
    outs:
    - path: data/prepared
      md5: 2fe72f304d64c28867d884e798568460.dir
      size: 16874726
      nfiles: 2
  featurize:
    cmd: python src/featurization.py data/prepared data/features
    deps:
    - path: data/prepared
      md5: 2fe72f304d64c28867d884e798568460.dir
      size: 16874726
      nfiles: 2
    - path: src/featurization.py
      md5: e0265fc22f056a4b86d85c3056bc2894
      size: 2490
    params:
      params.yaml:
        featurize.max_features: 100
        featurize.ngrams: 1
    outs:
    - path: data/features
      md5: 1e28c4afe2ae56365ae96716fff987a5.dir
      size: 3122242
      nfiles: 2
  train:
    cmd: python src/train.py data/features model.pkl
    deps:
    - path: data/features
      md5: 1e28c4afe2ae56365ae96716fff987a5.dir
      size: 3122242
      nfiles: 2
    - path: src/train.py
      md5: c3961d777cfbd7727f9fde4851896006
      size: 967
    params:
      params.yaml:
        train.min_split: 0.01
        train.n_est: 50
        train.seed: 20170428
    outs:
    - path: model.pkl
      md5: 5ed8cfda591ac52d2c24bc80ea9e7a4c
      size: 1873894
  evaluate:
    cmd: python src/evaluate.py model.pkl data/features
    deps:
    - path: data/features
      md5: 1e28c4afe2ae56365ae96716fff987a5.dir
      size: 3122242
      nfiles: 2
    - path: model.pkl
      md5: 5ed8cfda591ac52d2c24bc80ea9e7a4c
      size: 1873894
    - path: src/evaluate.py
      md5: 44e714021a65edf881b1716e791d7f59
      size: 2346
    outs:
    - path: evaluation.json
      md5: 0282e357b6081a3fcb193fef1bf9eff9
      size: 72
    - path: evaluation/importance.png
      md5: 5fd76bb68a9d2a649b535684e2f65981
      size: 30113
    - path: evaluation/plots/confusion_matrix.json
      md5: 154b18f33e5b892c16b0b96840488a66
      size: 243331
    - path: evaluation/plots/precision_recall.json
      md5: 9af84e88454bb9dc77d8c0abde254631
      size: 134472
    - path: evaluation/plots/roc.json
      md5: cef065ebe09104f8d3ceb0c786445578
      size: 158959
